{
  "originHash" : "5a964f7001f9e5ba60b327f3a0f13437026ad2fe55ae1203e5702d7341e77953",
  "pins" : [
    {
      "identity" : "ddspiderchart",
      "kind" : "remoteSourceControl",
      "location" : "https://github.com/dadalar/DDSpiderChart",
      "state" : {
        "revision" : "9bc65be4415068bff3c65622a9690902a866411a",
        "version" : "0.6.0"
      }
    },
    {
      "identity" : "ios-sdk",
      "kind" : "remoteSourceControl",
      "location" : "https://github.com/spotify/ios-sdk",
      "state" : {
        "branch" : "master",
        "revision" : "af71ec0bcf3baa7ec88c72119b7fdf65eb91fd67"
      }
    },
    {
      "identity" : "stringmetric.swift",
      "kind" : "remoteSourceControl",
      "location" : "https://github.com/autozimu/StringMetric.swift.git",
      "state" : {
        "revision" : "ac08419f609e53636bd2d5d140d95d1d14960d6a",
        "version" : "0.3.2"
      }
    }
  ],
  "version" : 3
}
